
Microsoft Visual Studio Solution File, Format Version 12.00
# Visual Studio Version 16
VisualStudioVersion = 16.0.30611.23
MinimumVisualStudioVersion = 10.0.40219.1
Project("{FAE04EC0-301F-11D3-BF4B-00C04F79EFBC}") = "lab11", "lab11.csproj", "{21B7FDDC-7B70-48A7-8534-16038C410A12}"
EndProject
Global
	GlobalSection(SolutionConfigurationPlatforms) = preSolution
		Debug|Any CPU = Debug|Any CPU
		Release|Any CPU = Release|Any CPU
	EndGlobalSection
	GlobalSection(ProjectConfigurationPlatforms) = postSolution
		{21B7FDDC-7B70-48A7-8534-16038C410A12}.Debug|Any CPU.ActiveCfg = Debug|Any CPU
		{21B7FDDC-7B70-48A7-8534-16038C410A12}.Debug|Any CPU.Build.0 = Debug|Any CPU
		{21B7FDDC-7B70-48A7-8534-16038C410A12}.Release|Any CPU.ActiveCfg = Release|Any CPU
		{21B7FDDC-7B70-48A7-8534-16038C410A12}.Release|Any CPU.Build.0 = Release|Any CPU
	EndGlobalSection
	GlobalSection(SolutionProperties) = preSolution
		HideSolutionNode = FALSE
	EndGlobalSection
	GlobalSection(ExtensibilityGlobals) = postSolution
		SolutionGuid = {7E507E3C-3EEB-4B64-A270-8E216E609ED2}
	EndGlobalSection
EndGlobal
